
Microsoft Visual Studio Solution File, Format Version 12.00
# Visual Studio Version 17
VisualStudioVersion = 17.5.33530.505
MinimumVisualStudioVersion = 10.0.40219.1
Project("{FAE04EC0-301F-11D3-BF4B-00C04F79EFBC}") = "lab15-17", "lab15-17.csproj", "{58D12670-F4C1-4F42-9A98-E7C7AD5DB14F}"
EndProject
Global
	GlobalSection(SolutionConfigurationPlatforms) = preSolution
		Debug|Any CPU = Debug|Any CPU
		Release|Any CPU = Release|Any CPU
	EndGlobalSection
	GlobalSection(ProjectConfigurationPlatforms) = postSolution
		{58D12670-F4C1-4F42-9A98-E7C7AD5DB14F}.Debug|Any CPU.ActiveCfg = Debug|Any CPU
		{58D12670-F4C1-4F42-9A98-E7C7AD5DB14F}.Debug|Any CPU.Build.0 = Debug|Any CPU
		{58D12670-F4C1-4F42-9A98-E7C7AD5DB14F}.Release|Any CPU.ActiveCfg = Release|Any CPU
		{58D12670-F4C1-4F42-9A98-E7C7AD5DB14F}.Release|Any CPU.Build.0 = Release|Any CPU
	EndGlobalSection
	GlobalSection(SolutionProperties) = preSolution
		HideSolutionNode = FALSE
	EndGlobalSection
	GlobalSection(ExtensibilityGlobals) = postSolution
		SolutionGuid = {523C2C1E-6663-4272-AD6D-5C963ADC41FE}
	EndGlobalSection
EndGlobal
